
Microsoft Visual Studio Solution File, Format Version 12.00
# Visual Studio 15
VisualStudioVersion = 15.0.27703.2026
MinimumVisualStudioVersion = 10.0.40219.1
Project("{9A19103F-16F7-4668-BE54-9A1E7A4F7556}") = "MicroServicesTest", "MicroServicesTest\MicroServicesTest.csproj", "{71812977-DADA-4AD2-8FDC-C84164847798}"
EndProject
Project("{9A19103F-16F7-4668-BE54-9A1E7A4F7556}") = "CodeProject.MessageQueueing", "..\MessageQueueing\CodeProject.MessageQueueing\CodeProject.MessageQueueing.csproj", "{63A919D5-6D40-4330-934E-C7B7CBDADF8D}"
EndProject
Global
	GlobalSection(SolutionConfigurationPlatforms) = preSolution
		Debug|Any CPU = Debug|Any CPU
		Release|Any CPU = Release|Any CPU
	EndGlobalSection
	GlobalSection(ProjectConfigurationPlatforms) = postSolution
		{71812977-DADA-4AD2-8FDC-C84164847798}.Debug|Any CPU.ActiveCfg = Debug|Any CPU
		{71812977-DADA-4AD2-8FDC-C84164847798}.Debug|Any CPU.Build.0 = Debug|Any CPU
		{71812977-DADA-4AD2-8FDC-C84164847798}.Release|Any CPU.ActiveCfg = Release|Any CPU
		{71812977-DADA-4AD2-8FDC-C84164847798}.Release|Any CPU.Build.0 = Release|Any CPU
		{63A919D5-6D40-4330-934E-C7B7CBDADF8D}.Debug|Any CPU.ActiveCfg = Debug|Any CPU
		{63A919D5-6D40-4330-934E-C7B7CBDADF8D}.Debug|Any CPU.Build.0 = Debug|Any CPU
		{63A919D5-6D40-4330-934E-C7B7CBDADF8D}.Release|Any CPU.ActiveCfg = Release|Any CPU
		{63A919D5-6D40-4330-934E-C7B7CBDADF8D}.Release|Any CPU.Build.0 = Release|Any CPU
	EndGlobalSection
	GlobalSection(SolutionProperties) = preSolution
		HideSolutionNode = FALSE
	EndGlobalSection
	GlobalSection(ExtensibilityGlobals) = postSolution
		SolutionGuid = {5B3ABDAE-1B03-43B6-B37C-847437F2A311}
	EndGlobalSection
EndGlobal
