
Microsoft Visual Studio Solution File, Format Version 12.00
# Visual Studio 15
VisualStudioVersion = 15.0.27703.2026
MinimumVisualStudioVersion = 10.0.40219.1
Project("{FAE04EC0-301F-11D3-BF4B-00C04F79EFBC}") = "SpawnProcessConsoleApplication", "SpawnProcessConsoleApplication\SpawnProcessConsoleApplication.csproj", "{751D0BB3-0570-48DD-AA24-F6B5B8D35C96}"
EndProject
Global
	GlobalSection(SolutionConfigurationPlatforms) = preSolution
		Debug|Any CPU = Debug|Any CPU
		Release|Any CPU = Release|Any CPU
	EndGlobalSection
	GlobalSection(ProjectConfigurationPlatforms) = postSolution
		{751D0BB3-0570-48DD-AA24-F6B5B8D35C96}.Debug|Any CPU.ActiveCfg = Debug|Any CPU
		{751D0BB3-0570-48DD-AA24-F6B5B8D35C96}.Debug|Any CPU.Build.0 = Debug|Any CPU
		{751D0BB3-0570-48DD-AA24-F6B5B8D35C96}.Release|Any CPU.ActiveCfg = Release|Any CPU
		{751D0BB3-0570-48DD-AA24-F6B5B8D35C96}.Release|Any CPU.Build.0 = Release|Any CPU
	EndGlobalSection
	GlobalSection(SolutionProperties) = preSolution
		HideSolutionNode = FALSE
	EndGlobalSection
	GlobalSection(ExtensibilityGlobals) = postSolution
		SolutionGuid = {0627D940-C062-4D8A-A044-29C98A4A9F8D}
	EndGlobalSection
EndGlobal
