
Microsoft Visual Studio Solution File, Format Version 12.00
# Visual Studio 15
VisualStudioVersion = 15.0.27703.2026
MinimumVisualStudioVersion = 10.0.40219.1
Project("{FAE04EC0-301F-11D3-BF4B-00C04F79EFBC}") = "CodeProject.InventoryManagement.MessageQueueing", "CodeProject.InventoryManagement.MessageQueueing\CodeProject.InventoryManagement.MessageQueueing.csproj", "{1E3B4BD7-2E1F-4991-8251-574B14FFB92C}"
EndProject
Global
	GlobalSection(SolutionConfigurationPlatforms) = preSolution
		Debug|Any CPU = Debug|Any CPU
		Release|Any CPU = Release|Any CPU
	EndGlobalSection
	GlobalSection(ProjectConfigurationPlatforms) = postSolution
		{1E3B4BD7-2E1F-4991-8251-574B14FFB92C}.Debug|Any CPU.ActiveCfg = Debug|Any CPU
		{1E3B4BD7-2E1F-4991-8251-574B14FFB92C}.Debug|Any CPU.Build.0 = Debug|Any CPU
		{1E3B4BD7-2E1F-4991-8251-574B14FFB92C}.Release|Any CPU.ActiveCfg = Release|Any CPU
		{1E3B4BD7-2E1F-4991-8251-574B14FFB92C}.Release|Any CPU.Build.0 = Release|Any CPU
	EndGlobalSection
	GlobalSection(SolutionProperties) = preSolution
		HideSolutionNode = FALSE
	EndGlobalSection
	GlobalSection(ExtensibilityGlobals) = postSolution
		SolutionGuid = {B296B4DF-4803-4C97-BFE1-42CFD60A0980}
	EndGlobalSection
EndGlobal
